// !$*UTF8*$!
{
	archiveVersion = 1;
	classes = {
	};
	objectVersion = 51;
	objects = {

/* Begin PBXBuildFile section */
		6434C060234B794C003BE603 /* README.md in Resources */ = {isa = PBXBuildFile; fileRef = 6434C05F234B794C003BE603 /* README.md */; };
		645FDFFF2348695500BC7A88 /* AppDelegate.swift in Sources */ = {isa = PBXBuildFile; fileRef = 645FDFFE2348695500BC7A88 /* AppDelegate.swift */; };
		645FE0012348695500BC7A88 /* SceneDelegate.swift in Sources */ = {isa = PBXBuildFile; fileRef = 645FE0002348695500BC7A88 /* SceneDelegate.swift */; };
		645FE0032348695500BC7A88 /* ProductListViewController.swift in Sources */ = {isa = PBXBuildFile; fileRef = 645FE0022348695500BC7A88 /* ProductListViewController.swift */; };
		645FE0062348695500BC7A88 /* Main.storyboard in Resources */ = {isa = PBXBuildFile; fileRef = 645FE0042348695500BC7A88 /* Main.storyboard */; };
		645FE0082348695600BC7A88 /* Assets.xcassets in Resources */ = {isa = PBXBuildFile; fileRef = 645FE0072348695600BC7A88 /* Assets.xcassets */; };
		645FE00B2348695600BC7A88 /* LaunchScreen.storyboard in Resources */ = {isa = PBXBuildFile; fileRef = 645FE0092348695600BC7A88 /* LaunchScreen.storyboard */; };
		645FE0162348695700BC7A88 /* GraphQLCrudTests.swift in Sources */ = {isa = PBXBuildFile; fileRef = 645FE0152348695700BC7A88 /* GraphQLCrudTests.swift */; };
		645FE02223486D1600BC7A88 /* RxApollo.swift in Sources */ = {isa = PBXBuildFile; fileRef = 645FE02123486D1600BC7A88 /* RxApollo.swift */; };
		645FE08823488CAA00BC7A88 /* product.graphql in Resources */ = {isa = PBXBuildFile; fileRef = 645FE08723488CAA00BC7A88 /* product.graphql */; };
		645FE08A2348904E00BC7A88 /* supplier.graphql in Resources */ = {isa = PBXBuildFile; fileRef = 645FE0892348904E00BC7A88 /* supplier.graphql */; };
		645FE08E2349981F00BC7A88 /* API.swift in Sources */ = {isa = PBXBuildFile; fileRef = 645FE08D2349981E00BC7A88 /* API.swift */; };
		645FE091234998A100BC7A88 /* ProductUseCase.swift in Sources */ = {isa = PBXBuildFile; fileRef = 645FE090234998A100BC7A88 /* ProductUseCase.swift */; };
		645FE09523499DFD00BC7A88 /* ProductListViewReactor.swift in Sources */ = {isa = PBXBuildFile; fileRef = 645FE09423499DFD00BC7A88 /* ProductListViewReactor.swift */; };
		645FE0A12349A94D00BC7A88 /* ProductStep.swift in Sources */ = {isa = PBXBuildFile; fileRef = 645FE0A02349A94D00BC7A88 /* ProductStep.swift */; };
		645FE0A32349A95900BC7A88 /* ProductFlow.swift in Sources */ = {isa = PBXBuildFile; fileRef = 645FE0A22349A95900BC7A88 /* ProductFlow.swift */; };
		645FE0A52349B52500BC7A88 /* ProductCell.swift in Sources */ = {isa = PBXBuildFile; fileRef = 645FE0A42349B52500BC7A88 /* ProductCell.swift */; };
		645FE0A72349B54400BC7A88 /* ProductCellReactor.swift in Sources */ = {isa = PBXBuildFile; fileRef = 645FE0A62349B54400BC7A88 /* ProductCellReactor.swift */; };
		645FE0A92349BF4500BC7A88 /* Types.swift in Sources */ = {isa = PBXBuildFile; fileRef = 645FE0A82349BF4500BC7A88 /* Types.swift */; };
		645FE0AD2349D5A300BC7A88 /* UICololr+extension.swift in Sources */ = {isa = PBXBuildFile; fileRef = 645FE0AC2349D5A300BC7A88 /* UICololr+extension.swift */; };
		645FE0AF2349D5E400BC7A88 /* CreateProductViewController.swift in Sources */ = {isa = PBXBuildFile; fileRef = 645FE0AE2349D5E400BC7A88 /* CreateProductViewController.swift */; };
		645FE0B12349D60A00BC7A88 /* CreateProductViewReactor.swift in Sources */ = {isa = PBXBuildFile; fileRef = 645FE0B02349D60A00BC7A88 /* CreateProductViewReactor.swift */; };
		645FE0B32349D83D00BC7A88 /* SupplierUseCase.swift in Sources */ = {isa = PBXBuildFile; fileRef = 645FE0B22349D83D00BC7A88 /* SupplierUseCase.swift */; };
		645FE0B5234A19EA00BC7A88 /* ProductDetailViewController.swift in Sources */ = {isa = PBXBuildFile; fileRef = 645FE0B4234A19EA00BC7A88 /* ProductDetailViewController.swift */; };
		645FE0B7234A19F500BC7A88 /* ProductDetailViewReactor.swift in Sources */ = {isa = PBXBuildFile; fileRef = 645FE0B6234A19F500BC7A88 /* ProductDetailViewReactor.swift */; };
		645FE0B9234A378900BC7A88 /* BaseViewController.swift in Sources */ = {isa = PBXBuildFile; fileRef = 645FE0B8234A378900BC7A88 /* BaseViewController.swift */; };
		6566FF097A440C09E6A1C66D /* Pods_GraphQLCrudTests.framework in Frameworks */ = {isa = PBXBuildFile; fileRef = 608AAFD333582098831D4A2B /* Pods_GraphQLCrudTests.framework */; };
		B9C7C7F7FF755EB68BEDA03C /* Pods_GraphQLCrud.framework in Frameworks */ = {isa = PBXBuildFile; fileRef = 71F592D582A6B3F8FE73C178 /* Pods_GraphQLCrud.framework */; };
/* End PBXBuildFile section */

/* Begin PBXContainerItemProxy section */
		645FE0122348695700BC7A88 /* PBXContainerItemProxy */ = {
			isa = PBXContainerItemProxy;
			containerPortal = 645FDFF32348695500BC7A88 /* Project object */;
			proxyType = 1;
			remoteGlobalIDString = 645FDFFA2348695500BC7A88;
			remoteInfo = GraphQLCrud;
		};
/* End PBXContainerItemProxy section */

/* Begin PBXFileReference section */
		2748D8596A8FCA08EB98DD3A /* Pods-GraphQLCrudTests.debug.xcconfig */ = {isa = PBXFileReference; includeInIndex = 1; lastKnownFileType = text.xcconfig; name = "Pods-GraphQLCrudTests.debug.xcconfig"; path = "Target Support Files/Pods-GraphQLCrudTests/Pods-GraphQLCrudTests.debug.xcconfig"; sourceTree = "<group>"; };
		608AAFD333582098831D4A2B /* Pods_GraphQLCrudTests.framework */ = {isa = PBXFileReference; explicitFileType = wrapper.framework; includeInIndex = 0; path = Pods_GraphQLCrudTests.framework; sourceTree = BUILT_PRODUCTS_DIR; };
		6434C05F234B794C003BE603 /* README.md */ = {isa = PBXFileReference; fileEncoding = 4; lastKnownFileType = net.daringfireball.markdown; path = README.md; sourceTree = SOURCE_ROOT; };
		645FDFFB2348695500BC7A88 /* GraphQLCrud.app */ = {isa = PBXFileReference; explicitFileType = wrapper.application; includeInIndex = 0; path = GraphQLCrud.app; sourceTree = BUILT_PRODUCTS_DIR; };
		645FDFFE2348695500BC7A88 /* AppDelegate.swift */ = {isa = PBXFileReference; lastKnownFileType = sourcecode.swift; path = AppDelegate.swift; sourceTree = "<group>"; };
		645FE0002348695500BC7A88 /* SceneDelegate.swift */ = {isa = PBXFileReference; lastKnownFileType = sourcecode.swift; path = SceneDelegate.swift; sourceTree = "<group>"; };
		645FE0022348695500BC7A88 /* ProductListViewController.swift */ = {isa = PBXFileReference; lastKnownFileType = sourcecode.swift; path = ProductListViewController.swift; sourceTree = "<group>"; };
		645FE0052348695500BC7A88 /* Base */ = {isa = PBXFileReference; lastKnownFileType = file.storyboard; name = Base; path = Base.lproj/Main.storyboard; sourceTree = "<group>"; };
		645FE0072348695600BC7A88 /* Assets.xcassets */ = {isa = PBXFileReference; lastKnownFileType = folder.assetcatalog; path = Assets.xcassets; sourceTree = "<group>"; };
		645FE00A2348695600BC7A88 /* Base */ = {isa = PBXFileReference; lastKnownFileType = file.storyboard; name = Base; path = Base.lproj/LaunchScreen.storyboard; sourceTree = "<group>"; };
		645FE00C2348695600BC7A88 /* Info.plist */ = {isa = PBXFileReference; lastKnownFileType = text.plist.xml; path = Info.plist; sourceTree = "<group>"; };
		645FE0112348695700BC7A88 /* GraphQLCrudTests.xctest */ = {isa = PBXFileReference; explicitFileType = wrapper.cfbundle; includeInIndex = 0; path = GraphQLCrudTests.xctest; sourceTree = BUILT_PRODUCTS_DIR; };
		645FE0152348695700BC7A88 /* GraphQLCrudTests.swift */ = {isa = PBXFileReference; lastKnownFileType = sourcecode.swift; path = GraphQLCrudTests.swift; sourceTree = "<group>"; };
		645FE0172348695700BC7A88 /* Info.plist */ = {isa = PBXFileReference; lastKnownFileType = text.plist.xml; path = Info.plist; sourceTree = "<group>"; };
		645FE02123486D1600BC7A88 /* RxApollo.swift */ = {isa = PBXFileReference; lastKnownFileType = sourcecode.swift; path = RxApollo.swift; sourceTree = "<group>"; };
		645FE08723488CAA00BC7A88 /* product.graphql */ = {isa = PBXFileReference; lastKnownFileType = text; path = product.graphql; sourceTree = "<group>"; };
		645FE0892348904E00BC7A88 /* supplier.graphql */ = {isa = PBXFileReference; fileEncoding = 4; lastKnownFileType = text; path = supplier.graphql; sourceTree = "<group>"; };
		645FE08D2349981E00BC7A88 /* API.swift */ = {isa = PBXFileReference; fileEncoding = 4; lastKnownFileType = sourcecode.swift; path = API.swift; sourceTree = "<group>"; };
		645FE090234998A100BC7A88 /* ProductUseCase.swift */ = {isa = PBXFileReference; lastKnownFileType = sourcecode.swift; path = ProductUseCase.swift; sourceTree = "<group>"; };
		645FE09423499DFD00BC7A88 /* ProductListViewReactor.swift */ = {isa = PBXFileReference; lastKnownFileType = sourcecode.swift; path = ProductListViewReactor.swift; sourceTree = "<group>"; };
		645FE0A02349A94D00BC7A88 /* ProductStep.swift */ = {isa = PBXFileReference; lastKnownFileType = sourcecode.swift; path = ProductStep.swift; sourceTree = "<group>"; };
		645FE0A22349A95900BC7A88 /* ProductFlow.swift */ = {isa = PBXFileReference; lastKnownFileType = sourcecode.swift; path = ProductFlow.swift; sourceTree = "<group>"; };
		645FE0A42349B52500BC7A88 /* ProductCell.swift */ = {isa = PBXFileReference; lastKnownFileType = sourcecode.swift; path = ProductCell.swift; sourceTree = "<group>"; };
		645FE0A62349B54400BC7A88 /* ProductCellReactor.swift */ = {isa = PBXFileReference; lastKnownFileType = sourcecode.swift; path = ProductCellReactor.swift; sourceTree = "<group>"; };
		645FE0A82349BF4500BC7A88 /* Types.swift */ = {isa = PBXFileReference; lastKnownFileType = sourcecode.swift; path = Types.swift; sourceTree = "<group>"; };
		645FE0AC2349D5A300BC7A88 /* UICololr+extension.swift */ = {isa = PBXFileReference; lastKnownFileType = sourcecode.swift; path = "UICololr+extension.swift"; sourceTree = "<group>"; };
		645FE0AE2349D5E400BC7A88 /* CreateProductViewController.swift */ = {isa = PBXFileReference; lastKnownFileType = sourcecode.swift; path = CreateProductViewController.swift; sourceTree = "<group>"; };
		645FE0B02349D60A00BC7A88 /* CreateProductViewReactor.swift */ = {isa = PBXFileReference; lastKnownFileType = sourcecode.swift; path = CreateProductViewReactor.swift; sourceTree = "<group>"; };
		645FE0B22349D83D00BC7A88 /* SupplierUseCase.swift */ = {isa = PBXFileReference; lastKnownFileType = sourcecode.swift; path = SupplierUseCase.swift; sourceTree = "<group>"; };
		645FE0B4234A19EA00BC7A88 /* ProductDetailViewController.swift */ = {isa = PBXFileReference; lastKnownFileType = sourcecode.swift; path = ProductDetailViewController.swift; sourceTree = "<group>"; };
		645FE0B6234A19F500BC7A88 /* ProductDetailViewReactor.swift */ = {isa = PBXFileReference; lastKnownFileType = sourcecode.swift; path = ProductDetailViewReactor.swift; sourceTree = "<group>"; };
		645FE0B8234A378900BC7A88 /* BaseViewController.swift */ = {isa = PBXFileReference; lastKnownFileType = sourcecode.swift; path = BaseViewController.swift; sourceTree = "<group>"; };
		71F592D582A6B3F8FE73C178 /* Pods_GraphQLCrud.framework */ = {isa = PBXFileReference; explicitFileType = wrapper.framework; includeInIndex = 0; path = Pods_GraphQLCrud.framework; sourceTree = BUILT_PRODUCTS_DIR; };
		D5213285217B8D4676724997 /* Pods-GraphQLCrudTests.release.xcconfig */ = {isa = PBXFileReference; includeInIndex = 1; lastKnownFileType = text.xcconfig; name = "Pods-GraphQLCrudTests.release.xcconfig"; path = "Target Support Files/Pods-GraphQLCrudTests/Pods-GraphQLCrudTests.release.xcconfig"; sourceTree = "<group>"; };
		DAED95A2572E2A762C895AEF /* Pods-GraphQLCrud.debug.xcconfig */ = {isa = PBXFileReference; includeInIndex = 1; lastKnownFileType = text.xcconfig; name = "Pods-GraphQLCrud.debug.xcconfig"; path = "Target Support Files/Pods-GraphQLCrud/Pods-GraphQLCrud.debug.xcconfig"; sourceTree = "<group>"; };
		F9E08B05FC71A4CF2C204C1C /* Pods-GraphQLCrud.release.xcconfig */ = {isa = PBXFileReference; includeInIndex = 1; lastKnownFileType = text.xcconfig; name = "Pods-GraphQLCrud.release.xcconfig"; path = "Target Support Files/Pods-GraphQLCrud/Pods-GraphQLCrud.release.xcconfig"; sourceTree = "<group>"; };
/* End PBXFileReference section */

/* Begin PBXFrameworksBuildPhase section */
		645FDFF82348695500BC7A88 /* Frameworks */ = {
			isa = PBXFrameworksBuildPhase;
			buildActionMask = 2147483647;
			files = (
				B9C7C7F7FF755EB68BEDA03C /* Pods_GraphQLCrud.framework in Frameworks */,
			);
			runOnlyForDeploymentPostprocessing = 0;
		};
		645FE00E2348695700BC7A88 /* Frameworks */ = {
			isa = PBXFrameworksBuildPhase;
			buildActionMask = 2147483647;
			files = (
				6566FF097A440C09E6A1C66D /* Pods_GraphQLCrudTests.framework in Frameworks */,
			);
			runOnlyForDeploymentPostprocessing = 0;
		};
/* End PBXFrameworksBuildPhase section */

/* Begin PBXGroup section */
		3D16C1FE33E3D73B187042CD /* Pods */ = {
			isa = PBXGroup;
			children = (
				DAED95A2572E2A762C895AEF /* Pods-GraphQLCrud.debug.xcconfig */,
				F9E08B05FC71A4CF2C204C1C /* Pods-GraphQLCrud.release.xcconfig */,
				2748D8596A8FCA08EB98DD3A /* Pods-GraphQLCrudTests.debug.xcconfig */,
				D5213285217B8D4676724997 /* Pods-GraphQLCrudTests.release.xcconfig */,
			);
			path = Pods;
			sourceTree = "<group>";
		};
		645FDFF22348695500BC7A88 = {
			isa = PBXGroup;
			children = (
				645FDFFD2348695500BC7A88 /* GraphQLCrud */,
				645FE0142348695700BC7A88 /* GraphQLCrudTests */,
				645FDFFC2348695500BC7A88 /* Products */,
				3D16C1FE33E3D73B187042CD /* Pods */,
				7329AF440EAD99ABD2BB8011 /* Frameworks */,
			);
			sourceTree = "<group>";
		};
		645FDFFC2348695500BC7A88 /* Products */ = {
			isa = PBXGroup;
			children = (
				645FDFFB2348695500BC7A88 /* GraphQLCrud.app */,
				645FE0112348695700BC7A88 /* GraphQLCrudTests.xctest */,
			);
			name = Products;
			sourceTree = "<group>";
		};
		645FDFFD2348695500BC7A88 /* GraphQLCrud */ = {
			isa = PBXGroup;
			children = (
				6434C05F234B794C003BE603 /* README.md */,
				645FE09F2349A93900BC7A88 /* Flows */,
				645FE09323499D5700BC7A88 /* ViewControllers */,
				645FE09223499D0100BC7A88 /* Views */,
				645FE08F2349988C00BC7A88 /* UseCases */,
				645FE08D2349981E00BC7A88 /* API.swift */,
				645FE0892348904E00BC7A88 /* supplier.graphql */,
				645FE08723488CAA00BC7A88 /* product.graphql */,
				645FE02023486CFB00BC7A88 /* Utils */,
				645FDFFE2348695500BC7A88 /* AppDelegate.swift */,
				645FE0002348695500BC7A88 /* SceneDelegate.swift */,
				645FE0042348695500BC7A88 /* Main.storyboard */,
				645FE0072348695600BC7A88 /* Assets.xcassets */,
				645FE0092348695600BC7A88 /* LaunchScreen.storyboard */,
				645FE00C2348695600BC7A88 /* Info.plist */,
			);
			path = GraphQLCrud;
			sourceTree = "<group>";
		};
		645FE0142348695700BC7A88 /* GraphQLCrudTests */ = {
			isa = PBXGroup;
			children = (
				645FE0152348695700BC7A88 /* GraphQLCrudTests.swift */,
				645FE0172348695700BC7A88 /* Info.plist */,
			);
			path = GraphQLCrudTests;
			sourceTree = "<group>";
		};
		645FE02023486CFB00BC7A88 /* Utils */ = {
			isa = PBXGroup;
			children = (
				645FE02123486D1600BC7A88 /* RxApollo.swift */,
				645FE0A82349BF4500BC7A88 /* Types.swift */,
				645FE0AC2349D5A300BC7A88 /* UICololr+extension.swift */,
				645FE0B8234A378900BC7A88 /* BaseViewController.swift */,
			);
			path = Utils;
			sourceTree = "<group>";
		};
		645FE08F2349988C00BC7A88 /* UseCases */ = {
			isa = PBXGroup;
			children = (
				645FE090234998A100BC7A88 /* ProductUseCase.swift */,
				645FE0B22349D83D00BC7A88 /* SupplierUseCase.swift */,
			);
			path = UseCases;
			sourceTree = "<group>";
		};
		645FE09223499D0100BC7A88 /* Views */ = {
			isa = PBXGroup;
			children = (
				645FE0A42349B52500BC7A88 /* ProductCell.swift */,
				645FE0A62349B54400BC7A88 /* ProductCellReactor.swift */,
			);
			path = Views;
			sourceTree = "<group>";
		};
		645FE09323499D5700BC7A88 /* ViewControllers */ = {
			isa = PBXGroup;
			children = (
				645FE0022348695500BC7A88 /* ProductListViewController.swift */,
				645FE09423499DFD00BC7A88 /* ProductListViewReactor.swift */,
				645FE0AE2349D5E400BC7A88 /* CreateProductViewController.swift */,
				645FE0B02349D60A00BC7A88 /* CreateProductViewReactor.swift */,
				645FE0B4234A19EA00BC7A88 /* ProductDetailViewController.swift */,
				645FE0B6234A19F500BC7A88 /* ProductDetailViewReactor.swift */,
			);
			path = ViewControllers;
			sourceTree = "<group>";
		};
		645FE09F2349A93900BC7A88 /* Flows */ = {
			isa = PBXGroup;
			children = (
				645FE0A02349A94D00BC7A88 /* ProductStep.swift */,
				645FE0A22349A95900BC7A88 /* ProductFlow.swift */,
			);
			path = Flows;
			sourceTree = "<group>";
		};
		7329AF440EAD99ABD2BB8011 /* Frameworks */ = {
			isa = PBXGroup;
			children = (
				71F592D582A6B3F8FE73C178 /* Pods_GraphQLCrud.framework */,
				608AAFD333582098831D4A2B /* Pods_GraphQLCrudTests.framework */,
			);
			name = Frameworks;
			sourceTree = "<group>";
		};
/* End PBXGroup section */

/* Begin PBXNativeTarget section */
		645FDFFA2348695500BC7A88 /* GraphQLCrud */ = {
			isa = PBXNativeTarget;
			buildConfigurationList = 645FE01A2348695700BC7A88 /* Build configuration list for PBXNativeTarget "GraphQLCrud" */;
			buildPhases = (
				6A4CF20F47C331112FA401FA /* [CP] Check Pods Manifest.lock */,
				645FE0262348755D00BC7A88 /* Generate Apollo GraphQL API */,
				645FDFF72348695500BC7A88 /* Sources */,
				645FDFF82348695500BC7A88 /* Frameworks */,
				645FDFF92348695500BC7A88 /* Resources */,
				979832B080315800C555BD1A /* [CP] Embed Pods Frameworks */,
			);
			buildRules = (
			);
			dependencies = (
			);
			name = GraphQLCrud;
			productName = GraphQLCrud;
			productReference = 645FDFFB2348695500BC7A88 /* GraphQLCrud.app */;
			productType = "com.apple.product-type.application";
		};
		645FE0102348695700BC7A88 /* GraphQLCrudTests */ = {
			isa = PBXNativeTarget;
			buildConfigurationList = 645FE01D2348695700BC7A88 /* Build configuration list for PBXNativeTarget "GraphQLCrudTests" */;
			buildPhases = (
				539BDC460217FC5FA6565A95 /* [CP] Check Pods Manifest.lock */,
				645FE00D2348695700BC7A88 /* Sources */,
				645FE00E2348695700BC7A88 /* Frameworks */,
				645FE00F2348695700BC7A88 /* Resources */,
			);
			buildRules = (
			);
			dependencies = (
				645FE0132348695700BC7A88 /* PBXTargetDependency */,
			);
			name = GraphQLCrudTests;
			productName = GraphQLCrudTests;
			productReference = 645FE0112348695700BC7A88 /* GraphQLCrudTests.xctest */;
			productType = "com.apple.product-type.bundle.unit-test";
		};
/* End PBXNativeTarget section */

/* Begin PBXProject section */
		645FDFF32348695500BC7A88 /* Project object */ = {
			isa = PBXProject;
			attributes = {
				LastSwiftUpdateCheck = 1100;
				LastUpgradeCheck = 1100;
				ORGANIZATIONNAME = "이동현";
				TargetAttributes = {
					645FDFFA2348695500BC7A88 = {
						CreatedOnToolsVersion = 11.0;
					};
					645FE0102348695700BC7A88 = {
						CreatedOnToolsVersion = 11.0;
						TestTargetID = 645FDFFA2348695500BC7A88;
					};
				};
			};
			buildConfigurationList = 645FDFF62348695500BC7A88 /* Build configuration list for PBXProject "GraphQLCrud" */;
			compatibilityVersion = "Xcode 9.3";
			developmentRegion = en;
			hasScannedForEncodings = 0;
			knownRegions = (
				en,
				Base,
			);
			mainGroup = 645FDFF22348695500BC7A88;
			productRefGroup = 645FDFFC2348695500BC7A88 /* Products */;
			projectDirPath = "";
			projectRoot = "";
			targets = (
				645FDFFA2348695500BC7A88 /* GraphQLCrud */,
				645FE0102348695700BC7A88 /* GraphQLCrudTests */,
			);
		};
/* End PBXProject section */

/* Begin PBXResourcesBuildPhase section */
		645FDFF92348695500BC7A88 /* Resources */ = {
			isa = PBXResourcesBuildPhase;
			buildActionMask = 2147483647;
			files = (
				6434C060234B794C003BE603 /* README.md in Resources */,
				645FE00B2348695600BC7A88 /* LaunchScreen.storyboard in Resources */,
				645FE08823488CAA00BC7A88 /* product.graphql in Resources */,
				645FE0082348695600BC7A88 /* Assets.xcassets in Resources */,
				645FE08A2348904E00BC7A88 /* supplier.graphql in Resources */,
				645FE0062348695500BC7A88 /* Main.storyboard in Resources */,
			);
			runOnlyForDeploymentPostprocessing = 0;
		};
		645FE00F2348695700BC7A88 /* Resources */ = {
			isa = PBXResourcesBuildPhase;
			buildActionMask = 2147483647;
			files = (
			);
			runOnlyForDeploymentPostprocessing = 0;
		};
/* End PBXResourcesBuildPhase section */

/* Begin PBXShellScriptBuildPhase section */
		539BDC460217FC5FA6565A95 /* [CP] Check Pods Manifest.lock */ = {
			isa = PBXShellScriptBuildPhase;
			buildActionMask = 2147483647;
			files = (
			);
			inputFileListPaths = (
			);
			inputPaths = (
				"${PODS_PODFILE_DIR_PATH}/Podfile.lock",
				"${PODS_ROOT}/Manifest.lock",
			);
			name = "[CP] Check Pods Manifest.lock";
			outputFileListPaths = (
			);
			outputPaths = (
				"$(DERIVED_FILE_DIR)/Pods-GraphQLCrudTests-checkManifestLockResult.txt",
			);
			runOnlyForDeploymentPostprocessing = 0;
			shellPath = /bin/sh;
			shellScript = "diff \"${PODS_PODFILE_DIR_PATH}/Podfile.lock\" \"${PODS_ROOT}/Manifest.lock\" > /dev/null\nif [ $? != 0 ] ; then\n    # print error to STDERR\n    echo \"error: The sandbox is not in sync with the Podfile.lock. Run 'pod install' or update your CocoaPods installation.\" >&2\n    exit 1\nfi\n# This output is used by Xcode 'outputs' to avoid re-running this script phase.\necho \"SUCCESS\" > \"${SCRIPT_OUTPUT_FILE_0}\"\n";
			showEnvVarsInLog = 0;
		};
		645FE0262348755D00BC7A88 /* Generate Apollo GraphQL API */ = {
			isa = PBXShellScriptBuildPhase;
			buildActionMask = 2147483647;
			files = (
			);
			inputFileListPaths = (
			);
			inputPaths = (
			);
			name = "Generate Apollo GraphQL API";
			outputFileListPaths = (
			);
			outputPaths = (
			);
			runOnlyForDeploymentPostprocessing = 0;
			shellPath = /bin/sh;
			shellScript = "SCRIPT_PATH=\"${PODS_ROOT}/Apollo/scripts\"\ncd \"${SRCROOT}/${TARGET_NAME}\"\n\"${SCRIPT_PATH}\"/run-bundled-codegen.sh codegen:generate --target=swift --includes=./**/*.graphql --localSchemaFile=\"schema.json\" API.swift\n";
		};
		6A4CF20F47C331112FA401FA /* [CP] Check Pods Manifest.lock */ = {
			isa = PBXShellScriptBuildPhase;
			buildActionMask = 2147483647;
			files = (
			);
			inputFileListPaths = (
			);
			inputPaths = (
				"${PODS_PODFILE_DIR_PATH}/Podfile.lock",
				"${PODS_ROOT}/Manifest.lock",
			);
			name = "[CP] Check Pods Manifest.lock";
			outputFileListPaths = (
			);
			outputPaths = (
				"$(DERIVED_FILE_DIR)/Pods-GraphQLCrud-checkManifestLockResult.txt",
			);
			runOnlyForDeploymentPostprocessing = 0;
			shellPath = /bin/sh;
			shellScript = "diff \"${PODS_PODFILE_DIR_PATH}/Podfile.lock\" \"${PODS_ROOT}/Manifest.lock\" > /dev/null\nif [ $? != 0 ] ; then\n    # print error to STDERR\n    echo \"error: The sandbox is not in sync with the Podfile.lock. Run 'pod install' or update your CocoaPods installation.\" >&2\n    exit 1\nfi\n# This output is used by Xcode 'outputs' to avoid re-running this script phase.\necho \"SUCCESS\" > \"${SCRIPT_OUTPUT_FILE_0}\"\n";
			showEnvVarsInLog = 0;
		};
		979832B080315800C555BD1A /* [CP] Embed Pods Frameworks */ = {
			isa = PBXShellScriptBuildPhase;
			buildActionMask = 2147483647;
			files = (
			);
			inputFileListPaths = (
				"${PODS_ROOT}/Target Support Files/Pods-GraphQLCrud/Pods-GraphQLCrud-frameworks-${CONFIGURATION}-input-files.xcfilelist",
			);
			name = "[CP] Embed Pods Frameworks";
			outputFileListPaths = (
				"${PODS_ROOT}/Target Support Files/Pods-GraphQLCrud/Pods-GraphQLCrud-frameworks-${CONFIGURATION}-output-files.xcfilelist",
			);
			runOnlyForDeploymentPostprocessing = 0;
			shellPath = /bin/sh;
			shellScript = "\"${PODS_ROOT}/Target Support Files/Pods-GraphQLCrud/Pods-GraphQLCrud-frameworks.sh\"\n";
			showEnvVarsInLog = 0;
		};
/* End PBXShellScriptBuildPhase section */

/* Begin PBXSourcesBuildPhase section */
		645FDFF72348695500BC7A88 /* Sources */ = {
			isa = PBXSourcesBuildPhase;
			buildActionMask = 2147483647;
			files = (
				645FE0032348695500BC7A88 /* ProductListViewController.swift in Sources */,
				645FE0A12349A94D00BC7A88 /* ProductStep.swift in Sources */,
				645FE0A32349A95900BC7A88 /* ProductFlow.swift in Sources */,
				645FE0A52349B52500BC7A88 /* ProductCell.swift in Sources */,
				645FE0B9234A378900BC7A88 /* BaseViewController.swift in Sources */,
				645FE0A72349B54400BC7A88 /* ProductCellReactor.swift in Sources */,
				645FE0AD2349D5A300BC7A88 /* UICololr+extension.swift in Sources */,
				645FDFFF2348695500BC7A88 /* AppDelegate.swift in Sources */,
				645FE0AF2349D5E400BC7A88 /* CreateProductViewController.swift in Sources */,
				645FE0B32349D83D00BC7A88 /* SupplierUseCase.swift in Sources */,
				645FE0B12349D60A00BC7A88 /* CreateProductViewReactor.swift in Sources */,
				645FE0B5234A19EA00BC7A88 /* ProductDetailViewController.swift in Sources */,
				645FE0B7234A19F500BC7A88 /* ProductDetailViewReactor.swift in Sources */,
				645FE09523499DFD00BC7A88 /* ProductListViewReactor.swift in Sources */,
				645FE0A92349BF4500BC7A88 /* Types.swift in Sources */,
				645FE02223486D1600BC7A88 /* RxApollo.swift in Sources */,
				645FE091234998A100BC7A88 /* ProductUseCase.swift in Sources */,
				645FE0012348695500BC7A88 /* SceneDelegate.swift in Sources */,
				645FE08E2349981F00BC7A88 /* API.swift in Sources */,
			);
			runOnlyForDeploymentPostprocessing = 0;
		};
		645FE00D2348695700BC7A88 /* Sources */ = {
			isa = PBXSourcesBuildPhase;
			buildActionMask = 2147483647;
			files = (
				645FE0162348695700BC7A88 /* GraphQLCrudTests.swift in Sources */,
			);
			runOnlyForDeploymentPostprocessing = 0;
		};
/* End PBXSourcesBuildPhase section */

/* Begin PBXTargetDependency section */
		645FE0132348695700BC7A88 /* PBXTargetDependency */ = {
			isa = PBXTargetDependency;
			target = 645FDFFA2348695500BC7A88 /* GraphQLCrud */;
			targetProxy = 645FE0122348695700BC7A88 /* PBXContainerItemProxy */;
		};
/* End PBXTargetDependency section */

/* Begin PBXVariantGroup section */
		645FE0042348695500BC7A88 /* Main.storyboard */ = {
			isa = PBXVariantGroup;
			children = (
				645FE0052348695500BC7A88 /* Base */,
			);
			name = Main.storyboard;
			sourceTree = "<group>";
		};
		645FE0092348695600BC7A88 /* LaunchScreen.storyboard */ = {
			isa = PBXVariantGroup;
			children = (
				645FE00A2348695600BC7A88 /* Base */,
			);
			name = LaunchScreen.storyboard;
			sourceTree = "<group>";
		};
/* End PBXVariantGroup section */

/* Begin XCBuildConfiguration section */
		645FE0182348695700BC7A88 /* Debug */ = {
			isa = XCBuildConfiguration;
			buildSettings = {
				ALWAYS_SEARCH_USER_PATHS = NO;
				CLANG_ANALYZER_NONNULL = YES;
				CLANG_ANALYZER_NUMBER_OBJECT_CONVERSION = YES_AGGRESSIVE;
				CLANG_CXX_LANGUAGE_STANDARD = "gnu++14";
				CLANG_CXX_LIBRARY = "libc++";
				CLANG_ENABLE_MODULES = YES;
				CLANG_ENABLE_OBJC_ARC = YES;
				CLANG_ENABLE_OBJC_WEAK = YES;
				CLANG_WARN_BLOCK_CAPTURE_AUTORELEASING = YES;
				CLANG_WARN_BOOL_CONVERSION = YES;
				CLANG_WARN_COMMA = YES;
				CLANG_WARN_CONSTANT_CONVERSION = YES;
				CLANG_WARN_DEPRECATED_OBJC_IMPLEMENTATIONS = YES;
				CLANG_WARN_DIRECT_OBJC_ISA_USAGE = YES_ERROR;
				CLANG_WARN_DOCUMENTATION_COMMENTS = YES;
				CLANG_WARN_EMPTY_BODY = YES;
				CLANG_WARN_ENUM_CONVERSION = YES;
				CLANG_WARN_INFINITE_RECURSION = YES;
				CLANG_WARN_INT_CONVERSION = YES;
				CLANG_WARN_NON_LITERAL_NULL_CONVERSION = YES;
				CLANG_WARN_OBJC_IMPLICIT_RETAIN_SELF = YES;
				CLANG_WARN_OBJC_LITERAL_CONVERSION = YES;
				CLANG_WARN_OBJC_ROOT_CLASS = YES_ERROR;
				CLANG_WARN_RANGE_LOOP_ANALYSIS = YES;
				CLANG_WARN_STRICT_PROTOTYPES = YES;
				CLANG_WARN_SUSPICIOUS_MOVE = YES;
				CLANG_WARN_UNGUARDED_AVAILABILITY = YES_AGGRESSIVE;
				CLANG_WARN_UNREACHABLE_CODE = YES;
				CLANG_WARN__DUPLICATE_METHOD_MATCH = YES;
				COPY_PHASE_STRIP = NO;
				DEBUG_INFORMATION_FORMAT = dwarf;
				ENABLE_STRICT_OBJC_MSGSEND = YES;
				ENABLE_TESTABILITY = YES;
				GCC_C_LANGUAGE_STANDARD = gnu11;
				GCC_DYNAMIC_NO_PIC = NO;
				GCC_NO_COMMON_BLOCKS = YES;
				GCC_OPTIMIZATION_LEVEL = 0;
				GCC_PREPROCESSOR_DEFINITIONS = (
					"DEBUG=1",
					"$(inherited)",
				);
				GCC_WARN_64_TO_32_BIT_CONVERSION = YES;
				GCC_WARN_ABOUT_RETURN_TYPE = YES_ERROR;
				GCC_WARN_UNDECLARED_SELECTOR = YES;
				GCC_WARN_UNINITIALIZED_AUTOS = YES_AGGRESSIVE;
				GCC_WARN_UNUSED_FUNCTION = YES;
				GCC_WARN_UNUSED_VARIABLE = YES;
				IPHONEOS_DEPLOYMENT_TARGET = 13.0;
				MTL_ENABLE_DEBUG_INFO = INCLUDE_SOURCE;
				MTL_FAST_MATH = YES;
				ONLY_ACTIVE_ARCH = YES;
				SDKROOT = iphoneos;
				SWIFT_ACTIVE_COMPILATION_CONDITIONS = DEBUG;
				SWIFT_OPTIMIZATION_LEVEL = "-Onone";
			};
			name = Debug;
		};
		645FE0192348695700BC7A88 /* Release */ = {
			isa = XCBuildConfiguration;
			buildSettings = {
				ALWAYS_SEARCH_USER_PATHS = NO;
				CLANG_ANALYZER_NONNULL = YES;
				CLANG_ANALYZER_NUMBER_OBJECT_CONVERSION = YES_AGGRESSIVE;
				CLANG_CXX_LANGUAGE_STANDARD = "gnu++14";
				CLANG_CXX_LIBRARY = "libc++";
				CLANG_ENABLE_MODULES = YES;
				CLANG_ENABLE_OBJC_ARC = YES;
				CLANG_ENABLE_OBJC_WEAK = YES;
				CLANG_WARN_BLOCK_CAPTURE_AUTORELEASING = YES;
				CLANG_WARN_BOOL_CONVERSION = YES;
				CLANG_WARN_COMMA = YES;
				CLANG_WARN_CONSTANT_CONVERSION = YES;
				CLANG_WARN_DEPRECATED_OBJC_IMPLEMENTATIONS = YES;
				CLANG_WARN_DIRECT_OBJC_ISA_USAGE = YES_ERROR;
				CLANG_WARN_DOCUMENTATION_COMMENTS = YES;
				CLANG_WARN_EMPTY_BODY = YES;
				CLANG_WARN_ENUM_CONVERSION = YES;
				CLANG_WARN_INFINITE_RECURSION = YES;
				CLANG_WARN_INT_CONVERSION = YES;
				CLANG_WARN_NON_LITERAL_NULL_CONVERSION = YES;
				CLANG_WARN_OBJC_IMPLICIT_RETAIN_SELF = YES;
				CLANG_WARN_OBJC_LITERAL_CONVERSION = YES;
				CLANG_WARN_OBJC_ROOT_CLASS = YES_ERROR;
				CLANG_WARN_RANGE_LOOP_ANALYSIS = YES;
				CLANG_WARN_STRICT_PROTOTYPES = YES;
				CLANG_WARN_SUSPICIOUS_MOVE = YES;
				CLANG_WARN_UNGUARDED_AVAILABILITY = YES_AGGRESSIVE;
				CLANG_WARN_UNREACHABLE_CODE = YES;
				CLANG_WARN__DUPLICATE_METHOD_MATCH = YES;
				COPY_PHASE_STRIP = NO;
				DEBUG_INFORMATION_FORMAT = "dwarf-with-dsym";
				ENABLE_NS_ASSERTIONS = NO;
				ENABLE_STRICT_OBJC_MSGSEND = YES;
				GCC_C_LANGUAGE_STANDARD = gnu11;
				GCC_NO_COMMON_BLOCKS = YES;
				GCC_WARN_64_TO_32_BIT_CONVERSION = YES;
				GCC_WARN_ABOUT_RETURN_TYPE = YES_ERROR;
				GCC_WARN_UNDECLARED_SELECTOR = YES;
				GCC_WARN_UNINITIALIZED_AUTOS = YES_AGGRESSIVE;
				GCC_WARN_UNUSED_FUNCTION = YES;
				GCC_WARN_UNUSED_VARIABLE = YES;
				IPHONEOS_DEPLOYMENT_TARGET = 13.0;
				MTL_ENABLE_DEBUG_INFO = NO;
				MTL_FAST_MATH = YES;
				SDKROOT = iphoneos;
				SWIFT_COMPILATION_MODE = wholemodule;
				SWIFT_OPTIMIZATION_LEVEL = "-O";
				VALIDATE_PRODUCT = YES;
			};
			name = Release;
		};
		645FE01B2348695700BC7A88 /* Debug */ = {
			isa = XCBuildConfiguration;
			baseConfigurationReference = DAED95A2572E2A762C895AEF /* Pods-GraphQLCrud.debug.xcconfig */;
			buildSettings = {
				ASSETCATALOG_COMPILER_APPICON_NAME = AppIcon;
				CODE_SIGN_STYLE = Automatic;
				INFOPLIST_FILE = GraphQLCrud/Info.plist;
				LD_RUNPATH_SEARCH_PATHS = (
					"$(inherited)",
					"@executable_path/Frameworks",
				);
				PRODUCT_BUNDLE_IDENTIFIER = lee.GraphQLCrud;
				PRODUCT_NAME = "$(TARGET_NAME)";
				SWIFT_VERSION = 5.0;
				TARGETED_DEVICE_FAMILY = "1,2";
			};
			name = Debug;
		};
		645FE01C2348695700BC7A88 /* Release */ = {
			isa = XCBuildConfiguration;
			baseConfigurationReference = F9E08B05FC71A4CF2C204C1C /* Pods-GraphQLCrud.release.xcconfig */;
			buildSettings = {
				ASSETCATALOG_COMPILER_APPICON_NAME = AppIcon;
				CODE_SIGN_STYLE = Automatic;
				INFOPLIST_FILE = GraphQLCrud/Info.plist;
				LD_RUNPATH_SEARCH_PATHS = (
					"$(inherited)",
					"@executable_path/Frameworks",
				);
				PRODUCT_BUNDLE_IDENTIFIER = lee.GraphQLCrud;
				PRODUCT_NAME = "$(TARGET_NAME)";
				SWIFT_VERSION = 5.0;
				TARGETED_DEVICE_FAMILY = "1,2";
			};
			name = Release;
		};
		645FE01E2348695700BC7A88 /* Debug */ = {
			isa = XCBuildConfiguration;
			baseConfigurationReference = 2748D8596A8FCA08EB98DD3A /* Pods-GraphQLCrudTests.debug.xcconfig */;
			buildSettings = {
				ALWAYS_EMBED_SWIFT_STANDARD_LIBRARIES = YES;
				BUNDLE_LOADER = "$(TEST_HOST)";
				CODE_SIGN_STYLE = Automatic;
				INFOPLIST_FILE = GraphQLCrudTests/Info.plist;
				IPHONEOS_DEPLOYMENT_TARGET = 13.0;
				LD_RUNPATH_SEARCH_PATHS = (
					"$(inherited)",
					"@executable_path/Frameworks",
					"@loader_path/Frameworks",
				);
				PRODUCT_BUNDLE_IDENTIFIER = lee.GraphQLCrudTests;
				PRODUCT_NAME = "$(TARGET_NAME)";
				SWIFT_VERSION = 5.0;
				TARGETED_DEVICE_FAMILY = "1,2";
				TEST_HOST = "$(BUILT_PRODUCTS_DIR)/GraphQLCrud.app/GraphQLCrud";
			};
			name = Debug;
		};
		645FE01F2348695700BC7A88 /* Release */ = {
			isa = XCBuildConfiguration;
			baseConfigurationReference = D5213285217B8D4676724997 /* Pods-GraphQLCrudTests.release.xcconfig */;
			buildSettings = {
				ALWAYS_EMBED_SWIFT_STANDARD_LIBRARIES = YES;
				BUNDLE_LOADER = "$(TEST_HOST)";
				CODE_SIGN_STYLE = Automatic;
				INFOPLIST_FILE = GraphQLCrudTests/Info.plist;
				IPHONEOS_DEPLOYMENT_TARGET = 13.0;
				LD_RUNPATH_SEARCH_PATHS = (
					"$(inherited)",
					"@executable_path/Frameworks",
					"@loader_path/Frameworks",
				);
				PRODUCT_BUNDLE_IDENTIFIER = lee.GraphQLCrudTests;
				PRODUCT_NAME = "$(TARGET_NAME)";
				SWIFT_VERSION = 5.0;
				TARGETED_DEVICE_FAMILY = "1,2";
				TEST_HOST = "$(BUILT_PRODUCTS_DIR)/GraphQLCrud.app/GraphQLCrud";
			};
			name = Release;
		};
/* End XCBuildConfiguration section */

/* Begin XCConfigurationList section */
		645FDFF62348695500BC7A88 /* Build configuration list for PBXProject "GraphQLCrud" */ = {
			isa = XCConfigurationList;
			buildConfigurations = (
				645FE0182348695700BC7A88 /* Debug */,
				645FE0192348695700BC7A88 /* Release */,
			);
			defaultConfigurationIsVisible = 0;
			defaultConfigurationName = Release;
		};
		645FE01A2348695700BC7A88 /* Build configuration list for PBXNativeTarget "GraphQLCrud" */ = {
			isa = XCConfigurationList;
			buildConfigurations = (
				645FE01B2348695700BC7A88 /* Debug */,
				645FE01C2348695700BC7A88 /* Release */,
			);
			defaultConfigurationIsVisible = 0;
			defaultConfigurationName = Release;
		};
		645FE01D2348695700BC7A88 /* Build configuration list for PBXNativeTarget "GraphQLCrudTests" */ = {
			isa = XCConfigurationList;
			buildConfigurations = (
				645FE01E2348695700BC7A88 /* Debug */,
				645FE01F2348695700BC7A88 /* Release */,
			);
			defaultConfigurationIsVisible = 0;
			defaultConfigurationName = Release;
		};
/* End XCConfigurationList section */
	};
	rootObject = 645FDFF32348695500BC7A88 /* Project object */;
}
